
Microsoft Visual Studio Solution File, Format Version 12.00
# Visual Studio Version 17
VisualStudioVersion = 17.7.34024.191
MinimumVisualStudioVersion = 10.0.40219.1
Project("{9A19103F-16F7-4668-BE54-9A1E7A4F7556}") = "Spg.Collections.Demo", "Spg.Collections.Demo.csproj", "{0367F723-1391-4BD5-8957-1AB8C3119C22}"
EndProject
Global
	GlobalSection(SolutionConfigurationPlatforms) = preSolution
		Debug|Any CPU = Debug|Any CPU
		Release|Any CPU = Release|Any CPU
	EndGlobalSection
	GlobalSection(ProjectConfigurationPlatforms) = postSolution
		{0367F723-1391-4BD5-8957-1AB8C3119C22}.Debug|Any CPU.ActiveCfg = Debug|Any CPU
		{0367F723-1391-4BD5-8957-1AB8C3119C22}.Debug|Any CPU.Build.0 = Debug|Any CPU
		{0367F723-1391-4BD5-8957-1AB8C3119C22}.Release|Any CPU.ActiveCfg = Release|Any CPU
		{0367F723-1391-4BD5-8957-1AB8C3119C22}.Release|Any CPU.Build.0 = Release|Any CPU
	EndGlobalSection
	GlobalSection(SolutionProperties) = preSolution
		HideSolutionNode = FALSE
	EndGlobalSection
	GlobalSection(ExtensibilityGlobals) = postSolution
		SolutionGuid = {2F614034-2C1D-4790-A52A-EFC9628DA4E2}
	EndGlobalSection
EndGlobal
